
Microsoft Visual Studio Solution File, Format Version 12.00
# Visual Studio Version 17
VisualStudioVersion = 17.14.36429.23
MinimumVisualStudioVersion = 10.0.40219.1
Project("{FAE04EC0-301F-11D3-BF4B-00C04F79EFBC}") = "Exercicios", "Exercicios\Exercicios.csproj", "{F99C832F-415B-4698-BE15-29D620C7E204}"
EndProject
Project("{FAE04EC0-301F-11D3-BF4B-00C04F79EFBC}") = "Exercicio2", "Exercicio2\Exercicio2.csproj", "{1E46D2F5-DDF2-40A1-B652-83452B8CD8DC}"
EndProject
Project("{FAE04EC0-301F-11D3-BF4B-00C04F79EFBC}") = "Exercicio3", "Exercicio3\Exercicio3.csproj", "{145C7846-E485-4890-8EB1-2A2F38C471C9}"
EndProject
Project("{FAE04EC0-301F-11D3-BF4B-00C04F79EFBC}") = "Ecercicio4", "Ecercicio4\Ecercicio4.csproj", "{D0171CBF-E4E6-47C5-9307-E3212BA0F784}"
EndProject
Project("{FAE04EC0-301F-11D3-BF4B-00C04F79EFBC}") = "Exercicio5", "Exercicio5\Exercicio5.csproj", "{358732C9-44FF-40B4-B627-6BF603627834}"
EndProject
Project("{FAE04EC0-301F-11D3-BF4B-00C04F79EFBC}") = "Ecercicio6", "Ecercicio6\Ecercicio6.csproj", "{11D06877-C4D0-4CFC-B417-48D3345ABC04}"
EndProject
Project("{FAE04EC0-301F-11D3-BF4B-00C04F79EFBC}") = "Exercicio7", "Exercicio7\Exercicio7.csproj", "{450BDD1C-3EFB-42CE-B3BC-E478703315C3}"
EndProject
Project("{FAE04EC0-301F-11D3-BF4B-00C04F79EFBC}") = "Exercicio8", "Exercicio8\Exercicio8.csproj", "{3F2EFD0C-55AD-4D43-BF5C-1294D58D29E7}"
EndProject
Project("{FAE04EC0-301F-11D3-BF4B-00C04F79EFBC}") = "Exercicio9", "Exercicio9\Exercicio9.csproj", "{2B3D07CE-1D5D-491C-8D70-832A5B664C84}"
EndProject
Project("{FAE04EC0-301F-11D3-BF4B-00C04F79EFBC}") = "Exercicio10", "Exercicio10\Exercicio10.csproj", "{59FE55F9-5A2E-4B44-823A-9D34E46F067E}"
EndProject
Project("{FAE04EC0-301F-11D3-BF4B-00C04F79EFBC}") = "Ecercicio11", "Ecercicio11\Ecercicio11.csproj", "{1976BA94-4A62-4F40-A019-57167E87B7D2}"
EndProject
Project("{FAE04EC0-301F-11D3-BF4B-00C04F79EFBC}") = "Exercicio12", "Exercicio12\Exercicio12.csproj", "{3D7D97B9-488D-4BFC-B286-05C9242FCDC9}"
EndProject
Project("{FAE04EC0-301F-11D3-BF4B-00C04F79EFBC}") = "Exercicio13", "Exercicio13\Exercicio13.csproj", "{E1479653-0099-4953-9838-6D32F1F168B0}"
EndProject
Project("{FAE04EC0-301F-11D3-BF4B-00C04F79EFBC}") = "Exercicio14", "Exercicio14\Exercicio14.csproj", "{F6069E3A-1626-4B8E-826B-3F178FD0AD62}"
EndProject
Project("{FAE04EC0-301F-11D3-BF4B-00C04F79EFBC}") = "Exercico15", "Exercico15\Exercico15.csproj", "{3108ADEE-9C6F-4ABE-8513-05827F1396A4}"
EndProject
Project("{FAE04EC0-301F-11D3-BF4B-00C04F79EFBC}") = "Exercicio16", "Exercicio16\Exercicio16.csproj", "{559F8000-6B81-4DDA-AB29-F752624A3712}"
EndProject
Project("{FAE04EC0-301F-11D3-BF4B-00C04F79EFBC}") = "Exercicio17", "Exercicio17\Exercicio17.csproj", "{748FA396-27C2-4C4B-8DB2-C9DDFB0F9B37}"
EndProject
Project("{FAE04EC0-301F-11D3-BF4B-00C04F79EFBC}") = "Exercicio18", "Exercicio18\Exercicio18.csproj", "{92186397-9972-4D43-BE1B-4922BAD8DFEE}"
EndProject
Project("{FAE04EC0-301F-11D3-BF4B-00C04F79EFBC}") = "Exercicio19", "Exercicio19\Exercicio19.csproj", "{0197333C-FBF9-406F-BDE4-D5EA038E3EFD}"
EndProject
Project("{2150E333-8FDC-42A3-9474-1A3956D46DE8}") = "Exe. Aula", "Exe. Aula", "{02EA681E-C7D8-13C7-8484-4AC65E1B71E8}"
EndProject
Project("{2150E333-8FDC-42A3-9474-1A3956D46DE8}") = "Training", "Training", "{990FAC6B-8212-4709-9453-B10F930CDC03}"
EndProject
Project("{FAE04EC0-301F-11D3-BF4B-00C04F79EFBC}") = "Calculadora", "Calculadora\Calculadora.csproj", "{4DB1B65A-E87E-4A6E-AE32-B802A4B711B8}"
EndProject
Project("{FAE04EC0-301F-11D3-BF4B-00C04F79EFBC}") = "Nr Loop", "Nr Loop\Nr Loop.csproj", "{C5E45EC1-4573-494E-9C74-C0A0B3AA50DE}"
EndProject
Project("{FAE04EC0-301F-11D3-BF4B-00C04F79EFBC}") = "Tabuadas", "Tabuadas\Tabuadas.csproj", "{77515E8B-A5DE-4603-9CA7-812532752B09}"
EndProject
Project("{FAE04EC0-301F-11D3-BF4B-00C04F79EFBC}") = "For loop Exercise", "For loop Exercise\For loop Exercise.csproj", "{D614183E-E980-4978-8BB1-BA9550A77156}"
EndProject
Project("{FAE04EC0-301F-11D3-BF4B-00C04F79EFBC}") = "Exercicio 24", "Exercicio 24\Exercicio 24.csproj", "{8B11E2A4-1186-4285-949F-1892A9369A4C}"
EndProject
Project("{FAE04EC0-301F-11D3-BF4B-00C04F79EFBC}") = "Fabrica Seg", "Fabrica Seg\Fabrica Seg.csproj", "{C5309604-3D01-4F09-AF1F-DF9BE257D60A}"
EndProject
Project("{FAE04EC0-301F-11D3-BF4B-00C04F79EFBC}") = "detector de mes", "detector de mes\detector de mes.csproj", "{CAF379AE-EEDE-4478-AA92-777FB70698E3}"
EndProject
Project("{FAE04EC0-301F-11D3-BF4B-00C04F79EFBC}") = "Frase a cores", "Frase a cores\Frase a cores.csproj", "{681A8273-8C7F-4423-925C-7B3C3BE1CC5B}"
EndProject
Project("{FAE04EC0-301F-11D3-BF4B-00C04F79EFBC}") = "ToUpperLoower", "ToUpperLoower\ToUpperLoower.csproj", "{1663DF15-2DD7-4183-8554-BC22D239F6C7}"
EndProject
Project("{FAE04EC0-301F-11D3-BF4B-00C04F79EFBC}") = "Miusculas_ninusculas", "Miusculas_ninusculas\Miusculas_ninusculas.csproj", "{7AA2E486-3703-4F37-8FC7-EDCC65406E41}"
EndProject
Project("{FAE04EC0-301F-11D3-BF4B-00C04F79EFBC}") = "Esq e direita frase", "Esq e direita frase\Esq e direita frase.csproj", "{40F9AB4D-A696-4470-92A0-70AFAAD223F7}"
EndProject
Project("{FAE04EC0-301F-11D3-BF4B-00C04F79EFBC}") = "detalhes frase", "detalhes frase\detalhes frase.csproj", "{6E997225-2030-42CE-8558-E96A453487DE}"
EndProject
Project("{FAE04EC0-301F-11D3-BF4B-00C04F79EFBC}") = "Exercicio33", "Exercicio33\Exercicio33.csproj", "{FD0B7CBB-F86F-4374-9460-FA9BC76780CF}"
EndProject
Project("{FAE04EC0-301F-11D3-BF4B-00C04F79EFBC}") = "Exercicio34", "Exercicio34\Exercicio34.csproj", "{1953B7B3-E6C5-482A-9E67-A6A0A00504B0}"
EndProject
Project("{FAE04EC0-301F-11D3-BF4B-00C04F79EFBC}") = "Exercicio35", "Exercicio35\Exercicio35.csproj", "{92882BE4-5AE2-473E-8ED2-A452E141A5E6}"
EndProject
Global
	GlobalSection(SolutionConfigurationPlatforms) = preSolution
		Debug|Any CPU = Debug|Any CPU
		Release|Any CPU = Release|Any CPU
	EndGlobalSection
	GlobalSection(ProjectConfigurationPlatforms) = postSolution
		{F99C832F-415B-4698-BE15-29D620C7E204}.Debug|Any CPU.ActiveCfg = Debug|Any CPU
		{F99C832F-415B-4698-BE15-29D620C7E204}.Debug|Any CPU.Build.0 = Debug|Any CPU
		{F99C832F-415B-4698-BE15-29D620C7E204}.Release|Any CPU.ActiveCfg = Release|Any CPU
		{F99C832F-415B-4698-BE15-29D620C7E204}.Release|Any CPU.Build.0 = Release|Any CPU
		{1E46D2F5-DDF2-40A1-B652-83452B8CD8DC}.Debug|Any CPU.ActiveCfg = Debug|Any CPU
		{1E46D2F5-DDF2-40A1-B652-83452B8CD8DC}.Debug|Any CPU.Build.0 = Debug|Any CPU
		{1E46D2F5-DDF2-40A1-B652-83452B8CD8DC}.Release|Any CPU.ActiveCfg = Release|Any CPU
		{1E46D2F5-DDF2-40A1-B652-83452B8CD8DC}.Release|Any CPU.Build.0 = Release|Any CPU
		{145C7846-E485-4890-8EB1-2A2F38C471C9}.Debug|Any CPU.ActiveCfg = Debug|Any CPU
		{145C7846-E485-4890-8EB1-2A2F38C471C9}.Debug|Any CPU.Build.0 = Debug|Any CPU
		{145C7846-E485-4890-8EB1-2A2F38C471C9}.Release|Any CPU.ActiveCfg = Release|Any CPU
		{145C7846-E485-4890-8EB1-2A2F38C471C9}.Release|Any CPU.Build.0 = Release|Any CPU
		{D0171CBF-E4E6-47C5-9307-E3212BA0F784}.Debug|Any CPU.ActiveCfg = Debug|Any CPU
		{D0171CBF-E4E6-47C5-9307-E3212BA0F784}.Debug|Any CPU.Build.0 = Debug|Any CPU
		{D0171CBF-E4E6-47C5-9307-E3212BA0F784}.Release|Any CPU.ActiveCfg = Release|Any CPU
		{D0171CBF-E4E6-47C5-9307-E3212BA0F784}.Release|Any CPU.Build.0 = Release|Any CPU
		{358732C9-44FF-40B4-B627-6BF603627834}.Debug|Any CPU.ActiveCfg = Debug|Any CPU
		{358732C9-44FF-40B4-B627-6BF603627834}.Debug|Any CPU.Build.0 = Debug|Any CPU
		{358732C9-44FF-40B4-B627-6BF603627834}.Release|Any CPU.ActiveCfg = Release|Any CPU
		{358732C9-44FF-40B4-B627-6BF603627834}.Release|Any CPU.Build.0 = Release|Any CPU
		{11D06877-C4D0-4CFC-B417-48D3345ABC04}.Debug|Any CPU.ActiveCfg = Debug|Any CPU
		{11D06877-C4D0-4CFC-B417-48D3345ABC04}.Debug|Any CPU.Build.0 = Debug|Any CPU
		{11D06877-C4D0-4CFC-B417-48D3345ABC04}.Release|Any CPU.ActiveCfg = Release|Any CPU
		{11D06877-C4D0-4CFC-B417-48D3345ABC04}.Release|Any CPU.Build.0 = Release|Any CPU
		{450BDD1C-3EFB-42CE-B3BC-E478703315C3}.Debug|Any CPU.ActiveCfg = Debug|Any CPU
		{450BDD1C-3EFB-42CE-B3BC-E478703315C3}.Debug|Any CPU.Build.0 = Debug|Any CPU
		{450BDD1C-3EFB-42CE-B3BC-E478703315C3}.Release|Any CPU.ActiveCfg = Release|Any CPU
		{450BDD1C-3EFB-42CE-B3BC-E478703315C3}.Release|Any CPU.Build.0 = Release|Any CPU
		{3F2EFD0C-55AD-4D43-BF5C-1294D58D29E7}.Debug|Any CPU.ActiveCfg = Debug|Any CPU
		{3F2EFD0C-55AD-4D43-BF5C-1294D58D29E7}.Debug|Any CPU.Build.0 = Debug|Any CPU
		{3F2EFD0C-55AD-4D43-BF5C-1294D58D29E7}.Release|Any CPU.ActiveCfg = Release|Any CPU
		{3F2EFD0C-55AD-4D43-BF5C-1294D58D29E7}.Release|Any CPU.Build.0 = Release|Any CPU
		{2B3D07CE-1D5D-491C-8D70-832A5B664C84}.Debug|Any CPU.ActiveCfg = Debug|Any CPU
		{2B3D07CE-1D5D-491C-8D70-832A5B664C84}.Debug|Any CPU.Build.0 = Debug|Any CPU
		{2B3D07CE-1D5D-491C-8D70-832A5B664C84}.Release|Any CPU.ActiveCfg = Release|Any CPU
		{2B3D07CE-1D5D-491C-8D70-832A5B664C84}.Release|Any CPU.Build.0 = Release|Any CPU
		{59FE55F9-5A2E-4B44-823A-9D34E46F067E}.Debug|Any CPU.ActiveCfg = Debug|Any CPU
		{59FE55F9-5A2E-4B44-823A-9D34E46F067E}.Debug|Any CPU.Build.0 = Debug|Any CPU
		{59FE55F9-5A2E-4B44-823A-9D34E46F067E}.Release|Any CPU.ActiveCfg = Release|Any CPU
		{59FE55F9-5A2E-4B44-823A-9D34E46F067E}.Release|Any CPU.Build.0 = Release|Any CPU
		{1976BA94-4A62-4F40-A019-57167E87B7D2}.Debug|Any CPU.ActiveCfg = Debug|Any CPU
		{1976BA94-4A62-4F40-A019-57167E87B7D2}.Debug|Any CPU.Build.0 = Debug|Any CPU
		{1976BA94-4A62-4F40-A019-57167E87B7D2}.Release|Any CPU.ActiveCfg = Release|Any CPU
		{1976BA94-4A62-4F40-A019-57167E87B7D2}.Release|Any CPU.Build.0 = Release|Any CPU
		{3D7D97B9-488D-4BFC-B286-05C9242FCDC9}.Debug|Any CPU.ActiveCfg = Debug|Any CPU
		{3D7D97B9-488D-4BFC-B286-05C9242FCDC9}.Debug|Any CPU.Build.0 = Debug|Any CPU
		{3D7D97B9-488D-4BFC-B286-05C9242FCDC9}.Release|Any CPU.ActiveCfg = Release|Any CPU
		{3D7D97B9-488D-4BFC-B286-05C9242FCDC9}.Release|Any CPU.Build.0 = Release|Any CPU
		{E1479653-0099-4953-9838-6D32F1F168B0}.Debug|Any CPU.ActiveCfg = Debug|Any CPU
		{E1479653-0099-4953-9838-6D32F1F168B0}.Debug|Any CPU.Build.0 = Debug|Any CPU
		{E1479653-0099-4953-9838-6D32F1F168B0}.Release|Any CPU.ActiveCfg = Release|Any CPU
		{E1479653-0099-4953-9838-6D32F1F168B0}.Release|Any CPU.Build.0 = Release|Any CPU
		{F6069E3A-1626-4B8E-826B-3F178FD0AD62}.Debug|Any CPU.ActiveCfg = Debug|Any CPU
		{F6069E3A-1626-4B8E-826B-3F178FD0AD62}.Debug|Any CPU.Build.0 = Debug|Any CPU
		{F6069E3A-1626-4B8E-826B-3F178FD0AD62}.Release|Any CPU.ActiveCfg = Release|Any CPU
		{F6069E3A-1626-4B8E-826B-3F178FD0AD62}.Release|Any CPU.Build.0 = Release|Any CPU
		{3108ADEE-9C6F-4ABE-8513-05827F1396A4}.Debug|Any CPU.ActiveCfg = Debug|Any CPU
		{3108ADEE-9C6F-4ABE-8513-05827F1396A4}.Debug|Any CPU.Build.0 = Debug|Any CPU
		{3108ADEE-9C6F-4ABE-8513-05827F1396A4}.Release|Any CPU.ActiveCfg = Release|Any CPU
		{3108ADEE-9C6F-4ABE-8513-05827F1396A4}.Release|Any CPU.Build.0 = Release|Any CPU
		{559F8000-6B81-4DDA-AB29-F752624A3712}.Debug|Any CPU.ActiveCfg = Debug|Any CPU
		{559F8000-6B81-4DDA-AB29-F752624A3712}.Debug|Any CPU.Build.0 = Debug|Any CPU
		{559F8000-6B81-4DDA-AB29-F752624A3712}.Release|Any CPU.ActiveCfg = Release|Any CPU
		{559F8000-6B81-4DDA-AB29-F752624A3712}.Release|Any CPU.Build.0 = Release|Any CPU
		{748FA396-27C2-4C4B-8DB2-C9DDFB0F9B37}.Debug|Any CPU.ActiveCfg = Debug|Any CPU
		{748FA396-27C2-4C4B-8DB2-C9DDFB0F9B37}.Debug|Any CPU.Build.0 = Debug|Any CPU
		{748FA396-27C2-4C4B-8DB2-C9DDFB0F9B37}.Release|Any CPU.ActiveCfg = Release|Any CPU
		{748FA396-27C2-4C4B-8DB2-C9DDFB0F9B37}.Release|Any CPU.Build.0 = Release|Any CPU
		{92186397-9972-4D43-BE1B-4922BAD8DFEE}.Debug|Any CPU.ActiveCfg = Debug|Any CPU
		{92186397-9972-4D43-BE1B-4922BAD8DFEE}.Debug|Any CPU.Build.0 = Debug|Any CPU
		{92186397-9972-4D43-BE1B-4922BAD8DFEE}.Release|Any CPU.ActiveCfg = Release|Any CPU
		{92186397-9972-4D43-BE1B-4922BAD8DFEE}.Release|Any CPU.Build.0 = Release|Any CPU
		{0197333C-FBF9-406F-BDE4-D5EA038E3EFD}.Debug|Any CPU.ActiveCfg = Debug|Any CPU
		{0197333C-FBF9-406F-BDE4-D5EA038E3EFD}.Debug|Any CPU.Build.0 = Debug|Any CPU
		{0197333C-FBF9-406F-BDE4-D5EA038E3EFD}.Release|Any CPU.ActiveCfg = Release|Any CPU
		{0197333C-FBF9-406F-BDE4-D5EA038E3EFD}.Release|Any CPU.Build.0 = Release|Any CPU
		{4DB1B65A-E87E-4A6E-AE32-B802A4B711B8}.Debug|Any CPU.ActiveCfg = Debug|Any CPU
		{4DB1B65A-E87E-4A6E-AE32-B802A4B711B8}.Debug|Any CPU.Build.0 = Debug|Any CPU
		{4DB1B65A-E87E-4A6E-AE32-B802A4B711B8}.Release|Any CPU.ActiveCfg = Release|Any CPU
		{4DB1B65A-E87E-4A6E-AE32-B802A4B711B8}.Release|Any CPU.Build.0 = Release|Any CPU
		{C5E45EC1-4573-494E-9C74-C0A0B3AA50DE}.Debug|Any CPU.ActiveCfg = Debug|Any CPU
		{C5E45EC1-4573-494E-9C74-C0A0B3AA50DE}.Debug|Any CPU.Build.0 = Debug|Any CPU
		{C5E45EC1-4573-494E-9C74-C0A0B3AA50DE}.Release|Any CPU.ActiveCfg = Release|Any CPU
		{C5E45EC1-4573-494E-9C74-C0A0B3AA50DE}.Release|Any CPU.Build.0 = Release|Any CPU
		{77515E8B-A5DE-4603-9CA7-812532752B09}.Debug|Any CPU.ActiveCfg = Debug|Any CPU
		{77515E8B-A5DE-4603-9CA7-812532752B09}.Debug|Any CPU.Build.0 = Debug|Any CPU
		{77515E8B-A5DE-4603-9CA7-812532752B09}.Release|Any CPU.ActiveCfg = Release|Any CPU
		{77515E8B-A5DE-4603-9CA7-812532752B09}.Release|Any CPU.Build.0 = Release|Any CPU
		{D614183E-E980-4978-8BB1-BA9550A77156}.Debug|Any CPU.ActiveCfg = Debug|Any CPU
		{D614183E-E980-4978-8BB1-BA9550A77156}.Debug|Any CPU.Build.0 = Debug|Any CPU
		{D614183E-E980-4978-8BB1-BA9550A77156}.Release|Any CPU.ActiveCfg = Release|Any CPU
		{D614183E-E980-4978-8BB1-BA9550A77156}.Release|Any CPU.Build.0 = Release|Any CPU
		{8B11E2A4-1186-4285-949F-1892A9369A4C}.Debug|Any CPU.ActiveCfg = Debug|Any CPU
		{8B11E2A4-1186-4285-949F-1892A9369A4C}.Debug|Any CPU.Build.0 = Debug|Any CPU
		{8B11E2A4-1186-4285-949F-1892A9369A4C}.Release|Any CPU.ActiveCfg = Release|Any CPU
		{8B11E2A4-1186-4285-949F-1892A9369A4C}.Release|Any CPU.Build.0 = Release|Any CPU
		{C5309604-3D01-4F09-AF1F-DF9BE257D60A}.Debug|Any CPU.ActiveCfg = Debug|Any CPU
		{C5309604-3D01-4F09-AF1F-DF9BE257D60A}.Debug|Any CPU.Build.0 = Debug|Any CPU
		{C5309604-3D01-4F09-AF1F-DF9BE257D60A}.Release|Any CPU.ActiveCfg = Release|Any CPU
		{C5309604-3D01-4F09-AF1F-DF9BE257D60A}.Release|Any CPU.Build.0 = Release|Any CPU
		{CAF379AE-EEDE-4478-AA92-777FB70698E3}.Debug|Any CPU.ActiveCfg = Debug|Any CPU
		{CAF379AE-EEDE-4478-AA92-777FB70698E3}.Debug|Any CPU.Build.0 = Debug|Any CPU
		{CAF379AE-EEDE-4478-AA92-777FB70698E3}.Release|Any CPU.ActiveCfg = Release|Any CPU
		{CAF379AE-EEDE-4478-AA92-777FB70698E3}.Release|Any CPU.Build.0 = Release|Any CPU
		{681A8273-8C7F-4423-925C-7B3C3BE1CC5B}.Debug|Any CPU.ActiveCfg = Debug|Any CPU
		{681A8273-8C7F-4423-925C-7B3C3BE1CC5B}.Debug|Any CPU.Build.0 = Debug|Any CPU
		{681A8273-8C7F-4423-925C-7B3C3BE1CC5B}.Release|Any CPU.ActiveCfg = Release|Any CPU
		{681A8273-8C7F-4423-925C-7B3C3BE1CC5B}.Release|Any CPU.Build.0 = Release|Any CPU
		{1663DF15-2DD7-4183-8554-BC22D239F6C7}.Debug|Any CPU.ActiveCfg = Debug|Any CPU
		{1663DF15-2DD7-4183-8554-BC22D239F6C7}.Debug|Any CPU.Build.0 = Debug|Any CPU
		{1663DF15-2DD7-4183-8554-BC22D239F6C7}.Release|Any CPU.ActiveCfg = Release|Any CPU
		{1663DF15-2DD7-4183-8554-BC22D239F6C7}.Release|Any CPU.Build.0 = Release|Any CPU
		{7AA2E486-3703-4F37-8FC7-EDCC65406E41}.Debug|Any CPU.ActiveCfg = Debug|Any CPU
		{7AA2E486-3703-4F37-8FC7-EDCC65406E41}.Debug|Any CPU.Build.0 = Debug|Any CPU
		{7AA2E486-3703-4F37-8FC7-EDCC65406E41}.Release|Any CPU.ActiveCfg = Release|Any CPU
		{7AA2E486-3703-4F37-8FC7-EDCC65406E41}.Release|Any CPU.Build.0 = Release|Any CPU
		{40F9AB4D-A696-4470-92A0-70AFAAD223F7}.Debug|Any CPU.ActiveCfg = Debug|Any CPU
		{40F9AB4D-A696-4470-92A0-70AFAAD223F7}.Debug|Any CPU.Build.0 = Debug|Any CPU
		{40F9AB4D-A696-4470-92A0-70AFAAD223F7}.Release|Any CPU.ActiveCfg = Release|Any CPU
		{40F9AB4D-A696-4470-92A0-70AFAAD223F7}.Release|Any CPU.Build.0 = Release|Any CPU
		{6E997225-2030-42CE-8558-E96A453487DE}.Debug|Any CPU.ActiveCfg = Debug|Any CPU
		{6E997225-2030-42CE-8558-E96A453487DE}.Debug|Any CPU.Build.0 = Debug|Any CPU
		{6E997225-2030-42CE-8558-E96A453487DE}.Release|Any CPU.ActiveCfg = Release|Any CPU
		{6E997225-2030-42CE-8558-E96A453487DE}.Release|Any CPU.Build.0 = Release|Any CPU
		{FD0B7CBB-F86F-4374-9460-FA9BC76780CF}.Debug|Any CPU.ActiveCfg = Debug|Any CPU
		{FD0B7CBB-F86F-4374-9460-FA9BC76780CF}.Debug|Any CPU.Build.0 = Debug|Any CPU
		{FD0B7CBB-F86F-4374-9460-FA9BC76780CF}.Release|Any CPU.ActiveCfg = Release|Any CPU
		{FD0B7CBB-F86F-4374-9460-FA9BC76780CF}.Release|Any CPU.Build.0 = Release|Any CPU
		{1953B7B3-E6C5-482A-9E67-A6A0A00504B0}.Debug|Any CPU.ActiveCfg = Debug|Any CPU
		{1953B7B3-E6C5-482A-9E67-A6A0A00504B0}.Debug|Any CPU.Build.0 = Debug|Any CPU
		{1953B7B3-E6C5-482A-9E67-A6A0A00504B0}.Release|Any CPU.ActiveCfg = Release|Any CPU
		{1953B7B3-E6C5-482A-9E67-A6A0A00504B0}.Release|Any CPU.Build.0 = Release|Any CPU
		{92882BE4-5AE2-473E-8ED2-A452E141A5E6}.Debug|Any CPU.ActiveCfg = Debug|Any CPU
		{92882BE4-5AE2-473E-8ED2-A452E141A5E6}.Debug|Any CPU.Build.0 = Debug|Any CPU
		{92882BE4-5AE2-473E-8ED2-A452E141A5E6}.Release|Any CPU.ActiveCfg = Release|Any CPU
		{92882BE4-5AE2-473E-8ED2-A452E141A5E6}.Release|Any CPU.Build.0 = Release|Any CPU
	EndGlobalSection
	GlobalSection(SolutionProperties) = preSolution
		HideSolutionNode = FALSE
	EndGlobalSection
	GlobalSection(NestedProjects) = preSolution
		{F99C832F-415B-4698-BE15-29D620C7E204} = {02EA681E-C7D8-13C7-8484-4AC65E1B71E8}
		{1E46D2F5-DDF2-40A1-B652-83452B8CD8DC} = {02EA681E-C7D8-13C7-8484-4AC65E1B71E8}
		{145C7846-E485-4890-8EB1-2A2F38C471C9} = {02EA681E-C7D8-13C7-8484-4AC65E1B71E8}
		{D0171CBF-E4E6-47C5-9307-E3212BA0F784} = {02EA681E-C7D8-13C7-8484-4AC65E1B71E8}
		{358732C9-44FF-40B4-B627-6BF603627834} = {02EA681E-C7D8-13C7-8484-4AC65E1B71E8}
		{11D06877-C4D0-4CFC-B417-48D3345ABC04} = {02EA681E-C7D8-13C7-8484-4AC65E1B71E8}
		{450BDD1C-3EFB-42CE-B3BC-E478703315C3} = {02EA681E-C7D8-13C7-8484-4AC65E1B71E8}
		{3F2EFD0C-55AD-4D43-BF5C-1294D58D29E7} = {02EA681E-C7D8-13C7-8484-4AC65E1B71E8}
		{2B3D07CE-1D5D-491C-8D70-832A5B664C84} = {02EA681E-C7D8-13C7-8484-4AC65E1B71E8}
		{59FE55F9-5A2E-4B44-823A-9D34E46F067E} = {02EA681E-C7D8-13C7-8484-4AC65E1B71E8}
		{1976BA94-4A62-4F40-A019-57167E87B7D2} = {02EA681E-C7D8-13C7-8484-4AC65E1B71E8}
		{3D7D97B9-488D-4BFC-B286-05C9242FCDC9} = {02EA681E-C7D8-13C7-8484-4AC65E1B71E8}
		{E1479653-0099-4953-9838-6D32F1F168B0} = {02EA681E-C7D8-13C7-8484-4AC65E1B71E8}
		{F6069E3A-1626-4B8E-826B-3F178FD0AD62} = {02EA681E-C7D8-13C7-8484-4AC65E1B71E8}
		{3108ADEE-9C6F-4ABE-8513-05827F1396A4} = {02EA681E-C7D8-13C7-8484-4AC65E1B71E8}
		{559F8000-6B81-4DDA-AB29-F752624A3712} = {02EA681E-C7D8-13C7-8484-4AC65E1B71E8}
		{748FA396-27C2-4C4B-8DB2-C9DDFB0F9B37} = {02EA681E-C7D8-13C7-8484-4AC65E1B71E8}
		{92186397-9972-4D43-BE1B-4922BAD8DFEE} = {02EA681E-C7D8-13C7-8484-4AC65E1B71E8}
		{0197333C-FBF9-406F-BDE4-D5EA038E3EFD} = {02EA681E-C7D8-13C7-8484-4AC65E1B71E8}
		{4DB1B65A-E87E-4A6E-AE32-B802A4B711B8} = {990FAC6B-8212-4709-9453-B10F930CDC03}
		{C5E45EC1-4573-494E-9C74-C0A0B3AA50DE} = {990FAC6B-8212-4709-9453-B10F930CDC03}
		{77515E8B-A5DE-4603-9CA7-812532752B09} = {990FAC6B-8212-4709-9453-B10F930CDC03}
		{D614183E-E980-4978-8BB1-BA9550A77156} = {990FAC6B-8212-4709-9453-B10F930CDC03}
		{8B11E2A4-1186-4285-949F-1892A9369A4C} = {02EA681E-C7D8-13C7-8484-4AC65E1B71E8}
		{C5309604-3D01-4F09-AF1F-DF9BE257D60A} = {990FAC6B-8212-4709-9453-B10F930CDC03}
		{CAF379AE-EEDE-4478-AA92-777FB70698E3} = {990FAC6B-8212-4709-9453-B10F930CDC03}
		{681A8273-8C7F-4423-925C-7B3C3BE1CC5B} = {990FAC6B-8212-4709-9453-B10F930CDC03}
		{1663DF15-2DD7-4183-8554-BC22D239F6C7} = {990FAC6B-8212-4709-9453-B10F930CDC03}
		{7AA2E486-3703-4F37-8FC7-EDCC65406E41} = {990FAC6B-8212-4709-9453-B10F930CDC03}
		{40F9AB4D-A696-4470-92A0-70AFAAD223F7} = {990FAC6B-8212-4709-9453-B10F930CDC03}
		{6E997225-2030-42CE-8558-E96A453487DE} = {990FAC6B-8212-4709-9453-B10F930CDC03}
		{FD0B7CBB-F86F-4374-9460-FA9BC76780CF} = {990FAC6B-8212-4709-9453-B10F930CDC03}
		{1953B7B3-E6C5-482A-9E67-A6A0A00504B0} = {990FAC6B-8212-4709-9453-B10F930CDC03}
		{92882BE4-5AE2-473E-8ED2-A452E141A5E6} = {990FAC6B-8212-4709-9453-B10F930CDC03}
	EndGlobalSection
	GlobalSection(ExtensibilityGlobals) = postSolution
		SolutionGuid = {BC854087-FA9E-4F43-8FFD-D8219A90EAF1}
	EndGlobalSection
EndGlobal
